PODS:
  - EVNCamera (1.0.0):
    - EVNCamera/Controllers (= 1.0.0)
    - EVNCamera/Utils (= 1.0.0)
    - EVNCamera/Views (= 1.0.0)
    - Masonry (~> 1.1)
  - EVNCamera/Controllers (1.0.0):
    - Masonry (~> 1.1)
  - EVNCamera/Utils (1.0.0):
    - Masonry (~> 1.1)
  - EVNCamera/Views (1.0.0):
    - Masonry (~> 1.1)
  - Masonry (1.1.0)

DEPENDENCIES:
  - EVNCamera (from `./SubPods/`)

SPEC REPOS:
  https://github.com/CocoaPods/Specs.git:
    - Masonry

EXTERNAL SOURCES:
  EVNCamera:
    :path: "./SubPods/"

SPEC CHECKSUMS:
  EVNCamera: a9e4c3226057e2ab47f31aa06f6ab105e69fe61a
  Masonry: 678fab65091a9290e40e2832a55e7ab731aad201

PODFILE CHECKSUM: d9150b9215a8b9aa0bd2205b7e988e4b0c015248

COCOAPODS: 1.8.4
