// !$*UTF8*$!
{
	archiveVersion = 1;
	classes = {
	};
	objectVersion = 52;
	objects = {

/* Begin PBXBuildFile section */
		849F7A5124AD8B85009883D7 /* EVNCamera.podspec in Resources */ = {isa = PBXBuildFile; fileRef = 849F7A4824AD8B85009883D7 /* EVNCamera.podspec */; };
		8B3B914E1EEA31A700CDAEFC /* AppDelegate.swift in Sources */ = {isa = PBXBuildFile; fileRef = 8B3B914D1EEA31A700CDAEFC /* AppDelegate.swift */; };
		8B3B91501EEA31A700CDAEFC /* ViewController.swift in Sources */ = {isa = PBXBuildFile; fileRef = 8B3B914F1EEA31A700CDAEFC /* ViewController.swift */; };
		8B3B91531EEA31A700CDAEFC /* Main.storyboard in Resources */ = {isa = PBXBuildFile; fileRef = 8B3B91511EEA31A700CDAEFC /* Main.storyboard */; };
		8B3B91551EEA31A700CDAEFC /* Assets.xcassets in Resources */ = {isa = PBXBuildFile; fileRef = 8B3B91541EEA31A700CDAEFC /* Assets.xcassets */; };
		8B3B91581EEA31A700CDAEFC /* LaunchScreen.storyboard in Resources */ = {isa = PBXBuildFile; fileRef = 8B3B91561EEA31A700CDAEFC /* LaunchScreen.storyboard */; };
		8B3B918D1EEA46E100CDAEFC /* LICENSE in Resources */ = {isa = PBXBuildFile; fileRef = 8B3B918B1EEA46E100CDAEFC /* LICENSE */; };
		8B3B918E1EEA46E100CDAEFC /* README.md in Sources */ = {isa = PBXBuildFile; fileRef = 8B3B918C1EEA46E100CDAEFC /* README.md */; };
		8B6396731F2728BF00E0D5A7 /* MyLayerViewController.m in Sources */ = {isa = PBXBuildFile; fileRef = 8B6396721F2728BF00E0D5A7 /* MyLayerViewController.m */; };
		8BB3CA581F1EF1F00009560E /* CoreMotionViewController.swift in Sources */ = {isa = PBXBuildFile; fileRef = 8BB3CA571F1EF1F00009560E /* CoreMotionViewController.swift */; };
		8BD625F81F1DB48500C1A3F4 /* CoreMotion.framework in Frameworks */ = {isa = PBXBuildFile; fileRef = 8BD625F71F1DB48500C1A3F4 /* CoreMotion.framework */; };
		F6C1B6778F3A47F7BDEB093E /* libPods-EVNCamera.a in Frameworks */ = {isa = PBXBuildFile; fileRef = 607CCDC4FF9B280F81AA901C /* libPods-EVNCamera.a */; };
/* End PBXBuildFile section */

/* Begin PBXFileReference section */
		47A62D5701C2B73BF45B6F7F /* Pods-EVNCamera.debug.xcconfig */ = {isa = PBXFileReference; includeInIndex = 1; lastKnownFileType = text.xcconfig; name = "Pods-EVNCamera.debug.xcconfig"; path = "Target Support Files/Pods-EVNCamera/Pods-EVNCamera.debug.xcconfig"; sourceTree = "<group>"; };
		607CCDC4FF9B280F81AA901C /* libPods-EVNCamera.a */ = {isa = PBXFileReference; explicitFileType = archive.ar; includeInIndex = 0; path = "libPods-EVNCamera.a"; sourceTree = BUILT_PRODUCTS_DIR; };
		688F62D0DA926A1C6AC90A14 /* Pods-EVNCamera.release.xcconfig */ = {isa = PBXFileReference; includeInIndex = 1; lastKnownFileType = text.xcconfig; name = "Pods-EVNCamera.release.xcconfig"; path = "Target Support Files/Pods-EVNCamera/Pods-EVNCamera.release.xcconfig"; sourceTree = "<group>"; };
		849F7A4824AD8B85009883D7 /* EVNCamera.podspec */ = {isa = PBXFileReference; fileEncoding = 4; lastKnownFileType = text; path = EVNCamera.podspec; sourceTree = "<group>"; xcLanguageSpecificationIdentifier = xcode.lang.ruby; };
		8B3B914A1EEA31A700CDAEFC /* 仁伯.app */ = {isa = PBXFileReference; explicitFileType = wrapper.application; includeInIndex = 0; path = "仁伯.app"; sourceTree = BUILT_PRODUCTS_DIR; };
		8B3B914D1EEA31A700CDAEFC /* AppDelegate.swift */ = {isa = PBXFileReference; lastKnownFileType = sourcecode.swift; path = AppDelegate.swift; sourceTree = "<group>"; };
		8B3B914F1EEA31A700CDAEFC /* ViewController.swift */ = {isa = PBXFileReference; lastKnownFileType = sourcecode.swift; path = ViewController.swift; sourceTree = "<group>"; };
		8B3B91521EEA31A700CDAEFC /* Base */ = {isa = PBXFileReference; lastKnownFileType = file.storyboard; name = Base; path = Base.lproj/Main.storyboard; sourceTree = "<group>"; };
		8B3B91541EEA31A700CDAEFC /* Assets.xcassets */ = {isa = PBXFileReference; lastKnownFileType = folder.assetcatalog; path = Assets.xcassets; sourceTree = "<group>"; };
		8B3B91571EEA31A700CDAEFC /* Base */ = {isa = PBXFileReference; lastKnownFileType = file.storyboard; name = Base; path = Base.lproj/LaunchScreen.storyboard; sourceTree = "<group>"; };
		8B3B91591EEA31A700CDAEFC /* Info.plist */ = {isa = PBXFileReference; lastKnownFileType = text.plist.xml; path = Info.plist; sourceTree = "<group>"; };
		8B3B91621EEA31A700CDAEFC /* EVNCameraTests.swift */ = {isa = PBXFileReference; lastKnownFileType = sourcecode.swift; path = EVNCameraTests.swift; sourceTree = "<group>"; };
		8B3B91641EEA31A700CDAEFC /* Info.plist */ = {isa = PBXFileReference; lastKnownFileType = text.plist.xml; path = Info.plist; sourceTree = "<group>"; };
		8B3B916D1EEA31A700CDAEFC /* EVNCameraUITests.swift */ = {isa = PBXFileReference; lastKnownFileType = sourcecode.swift; path = EVNCameraUITests.swift; sourceTree = "<group>"; };
		8B3B916F1EEA31A700CDAEFC /* Info.plist */ = {isa = PBXFileReference; lastKnownFileType = text.plist.xml; path = Info.plist; sourceTree = "<group>"; };
		8B3B91831EEA3A8F00CDAEFC /* EVNCamera-Bridging-Header.h */ = {isa = PBXFileReference; fileEncoding = 4; lastKnownFileType = sourcecode.c.h; path = "EVNCamera-Bridging-Header.h"; sourceTree = "<group>"; };
		8B3B918B1EEA46E100CDAEFC /* LICENSE */ = {isa = PBXFileReference; fileEncoding = 4; lastKnownFileType = text; name = LICENSE; path = ../LICENSE; sourceTree = "<group>"; };
		8B3B918C1EEA46E100CDAEFC /* README.md */ = {isa = PBXFileReference; fileEncoding = 4; lastKnownFileType = net.daringfireball.markdown; name = README.md; path = ../README.md; sourceTree = "<group>"; };
		8B6396711F2728BF00E0D5A7 /* MyLayerViewController.h */ = {isa = PBXFileReference; fileEncoding = 4; lastKnownFileType = sourcecode.c.h; path = MyLayerViewController.h; sourceTree = "<group>"; };
		8B6396721F2728BF00E0D5A7 /* MyLayerViewController.m */ = {isa = PBXFileReference; fileEncoding = 4; lastKnownFileType = sourcecode.c.objc; path = MyLayerViewController.m; sourceTree = "<group>"; };
		8BB3CA571F1EF1F00009560E /* CoreMotionViewController.swift */ = {isa = PBXFileReference; fileEncoding = 4; lastKnownFileType = sourcecode.swift; path = CoreMotionViewController.swift; sourceTree = "<group>"; };
		8BD625F71F1DB48500C1A3F4 /* CoreMotion.framework */ = {isa = PBXFileReference; lastKnownFileType = wrapper.framework; name = CoreMotion.framework; path = System/Library/Frameworks/CoreMotion.framework; sourceTree = SDKROOT; };
/* End PBXFileReference section */

/* Begin PBXFrameworksBuildPhase section */
		8B3B91471EEA31A700CDAEFC /* Frameworks */ = {
			isa = PBXFrameworksBuildPhase;
			buildActionMask = 2147483647;
			files = (
				8BD625F81F1DB48500C1A3F4 /* CoreMotion.framework in Frameworks */,
				F6C1B6778F3A47F7BDEB093E /* libPods-EVNCamera.a in Frameworks */,
			);
			runOnlyForDeploymentPostprocessing = 0;
		};
/* End PBXFrameworksBuildPhase section */

/* Begin PBXGroup section */
		849F7A3524AD8B85009883D7 /* SubPods */ = {
			isa = PBXGroup;
			children = (
				849F7A4824AD8B85009883D7 /* EVNCamera.podspec */,
			);
			path = SubPods;
			sourceTree = "<group>";
		};
		8B3B91411EEA31A700CDAEFC = {
			isa = PBXGroup;
			children = (
				849F7A3524AD8B85009883D7 /* SubPods */,
				8B3B918B1EEA46E100CDAEFC /* LICENSE */,
				8B3B918C1EEA46E100CDAEFC /* README.md */,
				8BB3CA591F2056130009560E /* OtherViewControllers */,
				8B3B914C1EEA31A700CDAEFC /* EVNCamera */,
				8B3B91611EEA31A700CDAEFC /* EVNCameraTests */,
				8B3B916C1EEA31A700CDAEFC /* EVNCameraUITests */,
				8B3B914B1EEA31A700CDAEFC /* Products */,
				8BD625F61F1DB48500C1A3F4 /* Frameworks */,
				927E315B59190FE3D5E11443 /* Pods */,
			);
			sourceTree = "<group>";
		};
		8B3B914B1EEA31A700CDAEFC /* Products */ = {
			isa = PBXGroup;
			children = (
				8B3B914A1EEA31A700CDAEFC /* 仁伯.app */,
			);
			name = Products;
			sourceTree = "<group>";
		};
		8B3B914C1EEA31A700CDAEFC /* EVNCamera */ = {
			isa = PBXGroup;
			children = (
				8B3B91831EEA3A8F00CDAEFC /* EVNCamera-Bridging-Header.h */,
				8B3B914D1EEA31A700CDAEFC /* AppDelegate.swift */,
				8B3B914F1EEA31A700CDAEFC /* ViewController.swift */,
				8BB3CA571F1EF1F00009560E /* CoreMotionViewController.swift */,
				8B3B91511EEA31A700CDAEFC /* Main.storyboard */,
				8B3B91541EEA31A700CDAEFC /* Assets.xcassets */,
				8B3B91561EEA31A700CDAEFC /* LaunchScreen.storyboard */,
				8B3B91591EEA31A700CDAEFC /* Info.plist */,
			);
			path = EVNCamera;
			sourceTree = "<group>";
		};
		8B3B91611EEA31A700CDAEFC /* EVNCameraTests */ = {
			isa = PBXGroup;
			children = (
				8B3B91621EEA31A700CDAEFC /* EVNCameraTests.swift */,
				8B3B91641EEA31A700CDAEFC /* Info.plist */,
			);
			path = EVNCameraTests;
			sourceTree = "<group>";
		};
		8B3B916C1EEA31A700CDAEFC /* EVNCameraUITests */ = {
			isa = PBXGroup;
			children = (
				8B3B916D1EEA31A700CDAEFC /* EVNCameraUITests.swift */,
				8B3B916F1EEA31A700CDAEFC /* Info.plist */,
			);
			path = EVNCameraUITests;
			sourceTree = "<group>";
		};
		8BB3CA591F2056130009560E /* OtherViewControllers */ = {
			isa = PBXGroup;
			children = (
				8B6396711F2728BF00E0D5A7 /* MyLayerViewController.h */,
				8B6396721F2728BF00E0D5A7 /* MyLayerViewController.m */,
			);
			path = OtherViewControllers;
			sourceTree = "<group>";
		};
		8BD625F61F1DB48500C1A3F4 /* Frameworks */ = {
			isa = PBXGroup;
			children = (
				8BD625F71F1DB48500C1A3F4 /* CoreMotion.framework */,
				607CCDC4FF9B280F81AA901C /* libPods-EVNCamera.a */,
			);
			name = Frameworks;
			sourceTree = "<group>";
		};
		927E315B59190FE3D5E11443 /* Pods */ = {
			isa = PBXGroup;
			children = (
				47A62D5701C2B73BF45B6F7F /* Pods-EVNCamera.debug.xcconfig */,
				688F62D0DA926A1C6AC90A14 /* Pods-EVNCamera.release.xcconfig */,
			);
			path = Pods;
			sourceTree = "<group>";
		};
/* End PBXGroup section */

/* Begin PBXNativeTarget section */
		8B3B91491EEA31A700CDAEFC /* EVNCamera */ = {
			isa = PBXNativeTarget;
			buildConfigurationList = 8B3B91721EEA31A700CDAEFC /* Build configuration list for PBXNativeTarget "EVNCamera" */;
			buildPhases = (
				FBFE0B791A32847DB4B33335 /* [CP] Check Pods Manifest.lock */,
				8B3B91461EEA31A700CDAEFC /* Sources */,
				8B3B91471EEA31A700CDAEFC /* Frameworks */,
				8B3B91481EEA31A700CDAEFC /* Resources */,
				0BA79E7E6019904D296674FD /* [CP] Copy Pods Resources */,
			);
			buildRules = (
			);
			dependencies = (
			);
			name = EVNCamera;
			productName = EVNCamera;
			productReference = 8B3B914A1EEA31A700CDAEFC /* 仁伯.app */;
			productType = "com.apple.product-type.application";
		};
/* End PBXNativeTarget section */

/* Begin PBXProject section */
		8B3B91421EEA31A700CDAEFC /* Project object */ = {
			isa = PBXProject;
			attributes = {
				LastSwiftUpdateCheck = 0830;
				LastUpgradeCheck = 0830;
				ORGANIZATIONNAME = "仁伯";
				TargetAttributes = {
					8B3B91491EEA31A700CDAEFC = {
						CreatedOnToolsVersion = 8.3;
						LastSwiftMigration = 0830;
						ProvisioningStyle = Automatic;
					};
				};
			};
			buildConfigurationList = 8B3B91451EEA31A700CDAEFC /* Build configuration list for PBXProject "EVNCamera" */;
			compatibilityVersion = "Xcode 11.0";
			developmentRegion = English;
			hasScannedForEncodings = 0;
			knownRegions = (
				English,
				en,
				Base,
			);
			mainGroup = 8B3B91411EEA31A700CDAEFC;
			productRefGroup = 8B3B914B1EEA31A700CDAEFC /* Products */;
			projectDirPath = "";
			projectRoot = "";
			targets = (
				8B3B91491EEA31A700CDAEFC /* EVNCamera */,
			);
		};
/* End PBXProject section */

/* Begin PBXResourcesBuildPhase section */
		8B3B91481EEA31A700CDAEFC /* Resources */ = {
			isa = PBXResourcesBuildPhase;
			buildActionMask = 2147483647;
			files = (
				8B3B918D1EEA46E100CDAEFC /* LICENSE in Resources */,
				8B3B91581EEA31A700CDAEFC /* LaunchScreen.storyboard in Resources */,
				849F7A5124AD8B85009883D7 /* EVNCamera.podspec in Resources */,
				8B3B91551EEA31A700CDAEFC /* Assets.xcassets in Resources */,
				8B3B91531EEA31A700CDAEFC /* Main.storyboard in Resources */,
			);
			runOnlyForDeploymentPostprocessing = 0;
		};
/* End PBXResourcesBuildPhase section */

/* Begin PBXShellScriptBuildPhase section */
		0BA79E7E6019904D296674FD /* [CP] Copy Pods Resources */ = {
			isa = PBXShellScriptBuildPhase;
			buildActionMask = 2147483647;
			files = (
			);
			inputFileListPaths = (
				"${PODS_ROOT}/Target Support Files/Pods-EVNCamera/Pods-EVNCamera-resources-${CONFIGURATION}-input-files.xcfilelist",
			);
			name = "[CP] Copy Pods Resources";
			outputFileListPaths = (
				"${PODS_ROOT}/Target Support Files/Pods-EVNCamera/Pods-EVNCamera-resources-${CONFIGURATION}-output-files.xcfilelist",
			);
			runOnlyForDeploymentPostprocessing = 0;
			shellPath = /bin/sh;
			shellScript = "\"${PODS_ROOT}/Target Support Files/Pods-EVNCamera/Pods-EVNCamera-resources.sh\"\n";
			showEnvVarsInLog = 0;
		};
		FBFE0B791A32847DB4B33335 /* [CP] Check Pods Manifest.lock */ = {
			isa = PBXShellScriptBuildPhase;
			buildActionMask = 2147483647;
			files = (
			);
			inputFileListPaths = (
			);
			inputPaths = (
				"${PODS_PODFILE_DIR_PATH}/Podfile.lock",
				"${PODS_ROOT}/Manifest.lock",
			);
			name = "[CP] Check Pods Manifest.lock";
			outputFileListPaths = (
			);
			outputPaths = (
				"$(DERIVED_FILE_DIR)/Pods-EVNCamera-checkManifestLockResult.txt",
			);
			runOnlyForDeploymentPostprocessing = 0;
			shellPath = /bin/sh;
			shellScript = "diff \"${PODS_PODFILE_DIR_PATH}/Podfile.lock\" \"${PODS_ROOT}/Manifest.lock\" > /dev/null\nif [ $? != 0 ] ; then\n    # print error to STDERR\n    echo \"error: The sandbox is not in sync with the Podfile.lock. Run 'pod install' or update your CocoaPods installation.\" >&2\n    exit 1\nfi\n# This output is used by Xcode 'outputs' to avoid re-running this script phase.\necho \"SUCCESS\" > \"${SCRIPT_OUTPUT_FILE_0}\"\n";
			showEnvVarsInLog = 0;
		};
/* End PBXShellScriptBuildPhase section */

/* Begin PBXSourcesBuildPhase section */
		8B3B91461EEA31A700CDAEFC /* Sources */ = {
			isa = PBXSourcesBuildPhase;
			buildActionMask = 2147483647;
			files = (
				8B3B91501EEA31A700CDAEFC /* ViewController.swift in Sources */,
				8B3B918E1EEA46E100CDAEFC /* README.md in Sources */,
				8BB3CA581F1EF1F00009560E /* CoreMotionViewController.swift in Sources */,
				8B3B914E1EEA31A700CDAEFC /* AppDelegate.swift in Sources */,
				8B6396731F2728BF00E0D5A7 /* MyLayerViewController.m in Sources */,
			);
			runOnlyForDeploymentPostprocessing = 0;
		};
/* End PBXSourcesBuildPhase section */

/* Begin PBXVariantGroup section */
		8B3B91511EEA31A700CDAEFC /* Main.storyboard */ = {
			isa = PBXVariantGroup;
			children = (
				8B3B91521EEA31A700CDAEFC /* Base */,
			);
			name = Main.storyboard;
			sourceTree = "<group>";
		};
		8B3B91561EEA31A700CDAEFC /* LaunchScreen.storyboard */ = {
			isa = PBXVariantGroup;
			children = (
				8B3B91571EEA31A700CDAEFC /* Base */,
			);
			name = LaunchScreen.storyboard;
			sourceTree = "<group>";
		};
/* End PBXVariantGroup section */

/* Begin XCBuildConfiguration section */
		8B3B91701EEA31A700CDAEFC /* Debug */ = {
			isa = XCBuildConfiguration;
			buildSettings = {
				ALWAYS_SEARCH_USER_PATHS = NO;
				CLANG_ANALYZER_NONNULL = YES;
				CLANG_ANALYZER_NUMBER_OBJECT_CONVERSION = YES_AGGRESSIVE;
				CLANG_CXX_LANGUAGE_STANDARD = "gnu++0x";
				CLANG_CXX_LIBRARY = "libc++";
				CLANG_ENABLE_MODULES = YES;
				CLANG_ENABLE_OBJC_ARC = YES;
				CLANG_WARN_BOOL_CONVERSION = YES;
				CLANG_WARN_CONSTANT_CONVERSION = YES;
				CLANG_WARN_DIRECT_OBJC_ISA_USAGE = YES_ERROR;
				CLANG_WARN_DOCUMENTATION_COMMENTS = YES;
				CLANG_WARN_EMPTY_BODY = YES;
				CLANG_WARN_ENUM_CONVERSION = YES;
				CLANG_WARN_INFINITE_RECURSION = YES;
				CLANG_WARN_INT_CONVERSION = YES;
				CLANG_WARN_OBJC_ROOT_CLASS = YES_ERROR;
				CLANG_WARN_SUSPICIOUS_MOVE = YES;
				CLANG_WARN_UNREACHABLE_CODE = YES;
				CLANG_WARN__DUPLICATE_METHOD_MATCH = YES;
				"CODE_SIGN_IDENTITY[sdk=iphoneos*]" = "iPhone Developer";
				COPY_PHASE_STRIP = NO;
				DEBUG_INFORMATION_FORMAT = dwarf;
				ENABLE_STRICT_OBJC_MSGSEND = YES;
				ENABLE_TESTABILITY = YES;
				GCC_C_LANGUAGE_STANDARD = gnu99;
				GCC_DYNAMIC_NO_PIC = NO;
				GCC_NO_COMMON_BLOCKS = YES;
				GCC_OPTIMIZATION_LEVEL = 0;
				GCC_PREPROCESSOR_DEFINITIONS = (
					"DEBUG=1",
					"$(inherited)",
				);
				GCC_WARN_64_TO_32_BIT_CONVERSION = YES;
				GCC_WARN_ABOUT_RETURN_TYPE = YES_ERROR;
				GCC_WARN_UNDECLARED_SELECTOR = YES;
				GCC_WARN_UNINITIALIZED_AUTOS = YES_AGGRESSIVE;
				GCC_WARN_UNUSED_FUNCTION = YES;
				GCC_WARN_UNUSED_VARIABLE = YES;
				IPHONEOS_DEPLOYMENT_TARGET = 8.0;
				MTL_ENABLE_DEBUG_INFO = YES;
				ONLY_ACTIVE_ARCH = YES;
				SDKROOT = iphoneos;
				SWIFT_ACTIVE_COMPILATION_CONDITIONS = DEBUG;
				SWIFT_OPTIMIZATION_LEVEL = "-Onone";
			};
			name = Debug;
		};
		8B3B91711EEA31A700CDAEFC /* Release */ = {
			isa = XCBuildConfiguration;
			buildSettings = {
				ALWAYS_SEARCH_USER_PATHS = NO;
				CLANG_ANALYZER_NONNULL = YES;
				CLANG_ANALYZER_NUMBER_OBJECT_CONVERSION = YES_AGGRESSIVE;
				CLANG_CXX_LANGUAGE_STANDARD = "gnu++0x";
				CLANG_CXX_LIBRARY = "libc++";
				CLANG_ENABLE_MODULES = YES;
				CLANG_ENABLE_OBJC_ARC = YES;
				CLANG_WARN_BOOL_CONVERSION = YES;
				CLANG_WARN_CONSTANT_CONVERSION = YES;
				CLANG_WARN_DIRECT_OBJC_ISA_USAGE = YES_ERROR;
				CLANG_WARN_DOCUMENTATION_COMMENTS = YES;
				CLANG_WARN_EMPTY_BODY = YES;
				CLANG_WARN_ENUM_CONVERSION = YES;
				CLANG_WARN_INFINITE_RECURSION = YES;
				CLANG_WARN_INT_CONVERSION = YES;
				CLANG_WARN_OBJC_ROOT_CLASS = YES_ERROR;
				CLANG_WARN_SUSPICIOUS_MOVE = YES;
				CLANG_WARN_UNREACHABLE_CODE = YES;
				CLANG_WARN__DUPLICATE_METHOD_MATCH = YES;
				"CODE_SIGN_IDENTITY[sdk=iphoneos*]" = "iPhone Developer";
				COPY_PHASE_STRIP = NO;
				DEBUG_INFORMATION_FORMAT = "dwarf-with-dsym";
				ENABLE_NS_ASSERTIONS = NO;
				ENABLE_STRICT_OBJC_MSGSEND = YES;
				GCC_C_LANGUAGE_STANDARD = gnu99;
				GCC_NO_COMMON_BLOCKS = YES;
				GCC_WARN_64_TO_32_BIT_CONVERSION = YES;
				GCC_WARN_ABOUT_RETURN_TYPE = YES_ERROR;
				GCC_WARN_UNDECLARED_SELECTOR = YES;
				GCC_WARN_UNINITIALIZED_AUTOS = YES_AGGRESSIVE;
				GCC_WARN_UNUSED_FUNCTION = YES;
				GCC_WARN_UNUSED_VARIABLE = YES;
				IPHONEOS_DEPLOYMENT_TARGET = 8.0;
				MTL_ENABLE_DEBUG_INFO = NO;
				SDKROOT = iphoneos;
				SWIFT_COMPILATION_MODE = wholemodule;
				SWIFT_OPTIMIZATION_LEVEL = "-O";
				VALIDATE_PRODUCT = YES;
			};
			name = Release;
		};
		8B3B91731EEA31A700CDAEFC /* Debug */ = {
			isa = XCBuildConfiguration;
			baseConfigurationReference = 47A62D5701C2B73BF45B6F7F /* Pods-EVNCamera.debug.xcconfig */;
			buildSettings = {
				ASSETCATALOG_COMPILER_APPICON_NAME = AppIcon;
				CLANG_ENABLE_MODULES = YES;
				DEVELOPMENT_TEAM = UX47YY36D4;
				INFOPLIST_FILE = EVNCamera/Info.plist;
				IPHONEOS_DEPLOYMENT_TARGET = 9.0;
				LD_RUNPATH_SEARCH_PATHS = (
					"$(inherited)",
					"@executable_path/Frameworks",
				);
				PRODUCT_BUNDLE_IDENTIFIER = com.goldwind.app.kankan;
				PRODUCT_NAME = "仁伯";
				SWIFT_OBJC_BRIDGING_HEADER = "EVNCamera/EVNCamera-Bridging-Header.h";
				SWIFT_OPTIMIZATION_LEVEL = "-Onone";
				SWIFT_VERSION = 5.0;
			};
			name = Debug;
		};
		8B3B91741EEA31A700CDAEFC /* Release */ = {
			isa = XCBuildConfiguration;
			baseConfigurationReference = 688F62D0DA926A1C6AC90A14 /* Pods-EVNCamera.release.xcconfig */;
			buildSettings = {
				ASSETCATALOG_COMPILER_APPICON_NAME = AppIcon;
				CLANG_ENABLE_MODULES = YES;
				DEVELOPMENT_TEAM = UX47YY36D4;
				INFOPLIST_FILE = EVNCamera/Info.plist;
				IPHONEOS_DEPLOYMENT_TARGET = 9.0;
				LD_RUNPATH_SEARCH_PATHS = (
					"$(inherited)",
					"@executable_path/Frameworks",
				);
				PRODUCT_BUNDLE_IDENTIFIER = com.goldwind.app.kankan;
				PRODUCT_NAME = "仁伯";
				SWIFT_OBJC_BRIDGING_HEADER = "EVNCamera/EVNCamera-Bridging-Header.h";
				SWIFT_VERSION = 5.0;
			};
			name = Release;
		};
/* End XCBuildConfiguration section */

/* Begin XCConfigurationList section */
		8B3B91451EEA31A700CDAEFC /* Build configuration list for PBXProject "EVNCamera" */ = {
			isa = XCConfigurationList;
			buildConfigurations = (
				8B3B91701EEA31A700CDAEFC /* Debug */,
				8B3B91711EEA31A700CDAEFC /* Release */,
			);
			defaultConfigurationIsVisible = 0;
			defaultConfigurationName = Release;
		};
		8B3B91721EEA31A700CDAEFC /* Build configuration list for PBXNativeTarget "EVNCamera" */ = {
			isa = XCConfigurationList;
			buildConfigurations = (
				8B3B91731EEA31A700CDAEFC /* Debug */,
				8B3B91741EEA31A700CDAEFC /* Release */,
			);
			defaultConfigurationIsVisible = 0;
			defaultConfigurationName = Release;
		};
/* End XCConfigurationList section */
	};
	rootObject = 8B3B91421EEA31A700CDAEFC /* Project object */;
}
